
Microsoft Visual Studio Solution File, Format Version 12.00
# Visual Studio 2013
VisualStudioVersion = 12.0.40629.0
MinimumVisualStudioVersion = 10.0.40219.1
Project("{FAE04EC0-301F-11D3-BF4B-00C04F79EFBC}") = "IdSrv", "IdSrv\IdSrv.csproj", "{A93BBE46-F2BF-4556-85CB-B1B0EE71A941}"
EndProject
Project("{FAE04EC0-301F-11D3-BF4B-00C04F79EFBC}") = "Api", "Api\Api.csproj", "{4B90FBB4-88B2-43FD-806E-64D3F7BFB842}"
EndProject
Project("{FAE04EC0-301F-11D3-BF4B-00C04F79EFBC}") = "App", "App\App.csproj", "{CC1D37C2-3BCB-4362-9ECB-157651E58F5D}"
EndProject
Project("{FAE04EC0-301F-11D3-BF4B-00C04F79EFBC}") = "ClientCredentialSample", "ClientCredentialSample\ClientCredentialSample.csproj", "{24F2CFBB-CC1D-4E71-B860-9EABE4953EE5}"
EndProject
Global
	GlobalSection(SolutionConfigurationPlatforms) = preSolution
		Debug|Any CPU = Debug|Any CPU
		Release|Any CPU = Release|Any CPU
	EndGlobalSection
	GlobalSection(ProjectConfigurationPlatforms) = postSolution
		{A93BBE46-F2BF-4556-85CB-B1B0EE71A941}.Debug|Any CPU.ActiveCfg = Debug|Any CPU
		{A93BBE46-F2BF-4556-85CB-B1B0EE71A941}.Debug|Any CPU.Build.0 = Debug|Any CPU
		{A93BBE46-F2BF-4556-85CB-B1B0EE71A941}.Release|Any CPU.ActiveCfg = Release|Any CPU
		{A93BBE46-F2BF-4556-85CB-B1B0EE71A941}.Release|Any CPU.Build.0 = Release|Any CPU
		{4B90FBB4-88B2-43FD-806E-64D3F7BFB842}.Debug|Any CPU.ActiveCfg = Debug|Any CPU
		{4B90FBB4-88B2-43FD-806E-64D3F7BFB842}.Debug|Any CPU.Build.0 = Debug|Any CPU
		{4B90FBB4-88B2-43FD-806E-64D3F7BFB842}.Release|Any CPU.ActiveCfg = Release|Any CPU
		{4B90FBB4-88B2-43FD-806E-64D3F7BFB842}.Release|Any CPU.Build.0 = Release|Any CPU
		{CC1D37C2-3BCB-4362-9ECB-157651E58F5D}.Debug|Any CPU.ActiveCfg = Debug|Any CPU
		{CC1D37C2-3BCB-4362-9ECB-157651E58F5D}.Debug|Any CPU.Build.0 = Debug|Any CPU
		{CC1D37C2-3BCB-4362-9ECB-157651E58F5D}.Release|Any CPU.ActiveCfg = Release|Any CPU
		{CC1D37C2-3BCB-4362-9ECB-157651E58F5D}.Release|Any CPU.Build.0 = Release|Any CPU
		{24F2CFBB-CC1D-4E71-B860-9EABE4953EE5}.Debug|Any CPU.ActiveCfg = Debug|Any CPU
		{24F2CFBB-CC1D-4E71-B860-9EABE4953EE5}.Debug|Any CPU.Build.0 = Debug|Any CPU
		{24F2CFBB-CC1D-4E71-B860-9EABE4953EE5}.Release|Any CPU.ActiveCfg = Release|Any CPU
		{24F2CFBB-CC1D-4E71-B860-9EABE4953EE5}.Release|Any CPU.Build.0 = Release|Any CPU
	EndGlobalSection
	GlobalSection(SolutionProperties) = preSolution
		HideSolutionNode = FALSE
	EndGlobalSection
EndGlobal
